// !$*UTF8*$!
{
	archiveVersion = 1;
	classes = {
	};
	objectVersion = 55;
	objects = {

/* Begin PBXBuildFile section */
		0AACEA7B8EBECA2550D2AEF1 /* Pods_kinoKZApp.framework in Frameworks */ = {isa = PBXBuildFile; fileRef = 1C922D62CF72A30CE6726F99 /* Pods_kinoKZApp.framework */; };
		42316A972986C9F80000AAAF /* AppDelegate.swift in Sources */ = {isa = PBXBuildFile; fileRef = 42316A962986C9F80000AAAF /* AppDelegate.swift */; };
		42316A992986C9F80000AAAF /* SceneDelegate.swift in Sources */ = {isa = PBXBuildFile; fileRef = 42316A982986C9F80000AAAF /* SceneDelegate.swift */; };
		42316A9B2986C9F80000AAAF /* MainViewController.swift in Sources */ = {isa = PBXBuildFile; fileRef = 42316A9A2986C9F80000AAAF /* MainViewController.swift */; };
		42316A9E2986C9F80000AAAF /* Main.storyboard in Resources */ = {isa = PBXBuildFile; fileRef = 42316A9C2986C9F80000AAAF /* Main.storyboard */; };
		42316AA02986C9F90000AAAF /* Assets.xcassets in Resources */ = {isa = PBXBuildFile; fileRef = 42316A9F2986C9F90000AAAF /* Assets.xcassets */; };
		42316AA32986C9F90000AAAF /* LaunchScreen.storyboard in Resources */ = {isa = PBXBuildFile; fileRef = 42316AA12986C9F90000AAAF /* LaunchScreen.storyboard */; };
		42316AAC2986CB6A0000AAAF /* MovieViewController.swift in Sources */ = {isa = PBXBuildFile; fileRef = 42316AAB2986CB6A0000AAAF /* MovieViewController.swift */; };
		42316AAE2986CB820000AAAF /* ProfileViewController.swift in Sources */ = {isa = PBXBuildFile; fileRef = 42316AAD2986CB820000AAAF /* ProfileViewController.swift */; };
		42316AB02986CBA10000AAAF /* PlaceViewController.swift in Sources */ = {isa = PBXBuildFile; fileRef = 42316AAF2986CBA10000AAAF /* PlaceViewController.swift */; };
		42316AB22986CBB10000AAAF /* TicketsViewController.swift in Sources */ = {isa = PBXBuildFile; fileRef = 42316AB12986CBB10000AAAF /* TicketsViewController.swift */; };
		42316AB72986FAE40000AAAF /* CategoryCollectionViewCell.swift in Sources */ = {isa = PBXBuildFile; fileRef = 42316AB62986FAE40000AAAF /* CategoryCollectionViewCell.swift */; };
		42316AB92986FC490000AAAF /* Constants.swift in Sources */ = {isa = PBXBuildFile; fileRef = 42316AB82986FC490000AAAF /* Constants.swift */; };
		426F578529870A8800F83810 /* TrendingCollectionViewCell.swift in Sources */ = {isa = PBXBuildFile; fileRef = 426F578429870A8800F83810 /* TrendingCollectionViewCell.swift */; };
		426F57872987148100F83810 /* CategoryTableViewCell.swift in Sources */ = {isa = PBXBuildFile; fileRef = 426F57862987148100F83810 /* CategoryTableViewCell.swift */; };
		426F578A2987181A00F83810 /* SectionHeaderOfTableView.swift in Sources */ = {isa = PBXBuildFile; fileRef = 426F57892987181A00F83810 /* SectionHeaderOfTableView.swift */; };
		426F5790298737D400F83810 /* PlacesTableViewCell.swift in Sources */ = {isa = PBXBuildFile; fileRef = 426F578F298737D400F83810 /* PlacesTableViewCell.swift */; };
		426F5794298752A100F83810 /* PlacesCollectionViewCell.swift in Sources */ = {isa = PBXBuildFile; fileRef = 426F5793298752A100F83810 /* PlacesCollectionViewCell.swift */; };
/* End PBXBuildFile section */

/* Begin PBXFileReference section */
		1C922D62CF72A30CE6726F99 /* Pods_kinoKZApp.framework */ = {isa = PBXFileReference; explicitFileType = wrapper.framework; includeInIndex = 0; path = Pods_kinoKZApp.framework; sourceTree = BUILT_PRODUCTS_DIR; };
		3DFD028E14463BC3CEF7F691 /* Pods-kinoKZApp.release.xcconfig */ = {isa = PBXFileReference; includeInIndex = 1; lastKnownFileType = text.xcconfig; name = "Pods-kinoKZApp.release.xcconfig"; path = "Target Support Files/Pods-kinoKZApp/Pods-kinoKZApp.release.xcconfig"; sourceTree = "<group>"; };
		42316A932986C9F80000AAAF /* kinoKZApp.app */ = {isa = PBXFileReference; explicitFileType = wrapper.application; includeInIndex = 0; path = kinoKZApp.app; sourceTree = BUILT_PRODUCTS_DIR; };
		42316A962986C9F80000AAAF /* AppDelegate.swift */ = {isa = PBXFileReference; lastKnownFileType = sourcecode.swift; path = AppDelegate.swift; sourceTree = "<group>"; };
		42316A982986C9F80000AAAF /* SceneDelegate.swift */ = {isa = PBXFileReference; lastKnownFileType = sourcecode.swift; path = SceneDelegate.swift; sourceTree = "<group>"; };
		42316A9A2986C9F80000AAAF /* MainViewController.swift */ = {isa = PBXFileReference; lastKnownFileType = sourcecode.swift; path = MainViewController.swift; sourceTree = "<group>"; };
		42316A9D2986C9F80000AAAF /* Base */ = {isa = PBXFileReference; lastKnownFileType = file.storyboard; name = Base; path = Base.lproj/Main.storyboard; sourceTree = "<group>"; };
		42316A9F2986C9F90000AAAF /* Assets.xcassets */ = {isa = PBXFileReference; lastKnownFileType = folder.assetcatalog; path = Assets.xcassets; sourceTree = "<group>"; };
		42316AA22986C9F90000AAAF /* Base */ = {isa = PBXFileReference; lastKnownFileType = file.storyboard; name = Base; path = Base.lproj/LaunchScreen.storyboard; sourceTree = "<group>"; };
		42316AA42986C9F90000AAAF /* Info.plist */ = {isa = PBXFileReference; lastKnownFileType = text.plist.xml; path = Info.plist; sourceTree = "<group>"; };
		42316AAB2986CB6A0000AAAF /* MovieViewController.swift */ = {isa = PBXFileReference; lastKnownFileType = sourcecode.swift; path = MovieViewController.swift; sourceTree = "<group>"; };
		42316AAD2986CB820000AAAF /* ProfileViewController.swift */ = {isa = PBXFileReference; lastKnownFileType = sourcecode.swift; path = ProfileViewController.swift; sourceTree = "<group>"; };
		42316AAF2986CBA10000AAAF /* PlaceViewController.swift */ = {isa = PBXFileReference; lastKnownFileType = sourcecode.swift; path = PlaceViewController.swift; sourceTree = "<group>"; };
		42316AB12986CBB10000AAAF /* TicketsViewController.swift */ = {isa = PBXFileReference; lastKnownFileType = sourcecode.swift; path = TicketsViewController.swift; sourceTree = "<group>"; };
		42316AB62986FAE40000AAAF /* CategoryCollectionViewCell.swift */ = {isa = PBXFileReference; lastKnownFileType = sourcecode.swift; path = CategoryCollectionViewCell.swift; sourceTree = "<group>"; };
		42316AB82986FC490000AAAF /* Constants.swift */ = {isa = PBXFileReference; lastKnownFileType = sourcecode.swift; path = Constants.swift; sourceTree = "<group>"; };
		426F578429870A8800F83810 /* TrendingCollectionViewCell.swift */ = {isa = PBXFileReference; lastKnownFileType = sourcecode.swift; path = TrendingCollectionViewCell.swift; sourceTree = "<group>"; };
		426F57862987148100F83810 /* CategoryTableViewCell.swift */ = {isa = PBXFileReference; lastKnownFileType = sourcecode.swift; path = CategoryTableViewCell.swift; sourceTree = "<group>"; };
		426F57892987181A00F83810 /* SectionHeaderOfTableView.swift */ = {isa = PBXFileReference; lastKnownFileType = sourcecode.swift; path = SectionHeaderOfTableView.swift; sourceTree = "<group>"; };
		426F578F298737D400F83810 /* PlacesTableViewCell.swift */ = {isa = PBXFileReference; lastKnownFileType = sourcecode.swift; path = PlacesTableViewCell.swift; sourceTree = "<group>"; };
		426F5793298752A100F83810 /* PlacesCollectionViewCell.swift */ = {isa = PBXFileReference; lastKnownFileType = sourcecode.swift; path = PlacesCollectionViewCell.swift; sourceTree = "<group>"; };
		83872E0EC1F8E9908F69EDC8 /* Pods-kinoKZApp.debug.xcconfig */ = {isa = PBXFileReference; includeInIndex = 1; lastKnownFileType = text.xcconfig; name = "Pods-kinoKZApp.debug.xcconfig"; path = "Target Support Files/Pods-kinoKZApp/Pods-kinoKZApp.debug.xcconfig"; sourceTree = "<group>"; };
/* End PBXFileReference section */

/* Begin PBXFrameworksBuildPhase section */
		42316A902986C9F80000AAAF /* Frameworks */ = {
			isa = PBXFrameworksBuildPhase;
			buildActionMask = 2147483647;
			files = (
				0AACEA7B8EBECA2550D2AEF1 /* Pods_kinoKZApp.framework in Frameworks */,
			);
			runOnlyForDeploymentPostprocessing = 0;
		};
/* End PBXFrameworksBuildPhase section */

/* Begin PBXGroup section */
		42316A8A2986C9F80000AAAF = {
			isa = PBXGroup;
			children = (
				42316A952986C9F80000AAAF /* kinoKZApp */,
				42316A942986C9F80000AAAF /* Products */,
				987E4A92BCB0FAE66CF636C1 /* Pods */,
				F81C2B2F3101A79B001F5535 /* Frameworks */,
			);
			sourceTree = "<group>";
		};
		42316A942986C9F80000AAAF /* Products */ = {
			isa = PBXGroup;
			children = (
				42316A932986C9F80000AAAF /* kinoKZApp.app */,
			);
			name = Products;
			sourceTree = "<group>";
		};
		42316A952986C9F80000AAAF /* kinoKZApp */ = {
			isa = PBXGroup;
			children = (
				42316AB32986CBBF0000AAAF /* data */,
				42316AAA2986CB230000AAAF /* viewcontrollers */,
				42316A962986C9F80000AAAF /* AppDelegate.swift */,
				42316A982986C9F80000AAAF /* SceneDelegate.swift */,
				42316A9A2986C9F80000AAAF /* MainViewController.swift */,
				42316A9C2986C9F80000AAAF /* Main.storyboard */,
				42316A9F2986C9F90000AAAF /* Assets.xcassets */,
				42316AA12986C9F90000AAAF /* LaunchScreen.storyboard */,
				42316AA42986C9F90000AAAF /* Info.plist */,
			);
			path = kinoKZApp;
			sourceTree = "<group>";
		};
		42316AAA2986CB230000AAAF /* viewcontrollers */ = {
			isa = PBXGroup;
			children = (
				42316AAB2986CB6A0000AAAF /* MovieViewController.swift */,
				42316AAF2986CBA10000AAAF /* PlaceViewController.swift */,
				42316AB12986CBB10000AAAF /* TicketsViewController.swift */,
				42316AAD2986CB820000AAAF /* ProfileViewController.swift */,
			);
			path = viewcontrollers;
			sourceTree = "<group>";
		};
		42316AB32986CBBF0000AAAF /* data */ = {
			isa = PBXGroup;
			children = (
				426F57922987382500F83810 /* collectionviews */,
				426F57912987380200F83810 /* tableviews */,
				42316AB82986FC490000AAAF /* Constants.swift */,
			);
			path = data;
			sourceTree = "<group>";
		};
		426F57912987380200F83810 /* tableviews */ = {
			isa = PBXGroup;
			children = (
				426F578F298737D400F83810 /* PlacesTableViewCell.swift */,
				426F57892987181A00F83810 /* SectionHeaderOfTableView.swift */,
				426F57862987148100F83810 /* CategoryTableViewCell.swift */,
			);
			path = tableviews;
			sourceTree = "<group>";
		};
		426F57922987382500F83810 /* collectionviews */ = {
			isa = PBXGroup;
			children = (
				426F578429870A8800F83810 /* TrendingCollectionViewCell.swift */,
				42316AB62986FAE40000AAAF /* CategoryCollectionViewCell.swift */,
				426F5793298752A100F83810 /* PlacesCollectionViewCell.swift */,
			);
			path = collectionviews;
			sourceTree = "<group>";
		};
		987E4A92BCB0FAE66CF636C1 /* Pods */ = {
			isa = PBXGroup;
			children = (
				83872E0EC1F8E9908F69EDC8 /* Pods-kinoKZApp.debug.xcconfig */,
				3DFD028E14463BC3CEF7F691 /* Pods-kinoKZApp.release.xcconfig */,
			);
			path = Pods;
			sourceTree = "<group>";
		};
		F81C2B2F3101A79B001F5535 /* Frameworks */ = {
			isa = PBXGroup;
			children = (
				1C922D62CF72A30CE6726F99 /* Pods_kinoKZApp.framework */,
			);
			name = Frameworks;
			sourceTree = "<group>";
		};
/* End PBXGroup section */

/* Begin PBXNativeTarget section */
		42316A922986C9F80000AAAF /* kinoKZApp */ = {
			isa = PBXNativeTarget;
			buildConfigurationList = 42316AA72986C9F90000AAAF /* Build configuration list for PBXNativeTarget "kinoKZApp" */;
			buildPhases = (
				075DD15140FCC5BF4DBCABA7 /* [CP] Check Pods Manifest.lock */,
				42316A8F2986C9F80000AAAF /* Sources */,
				42316A902986C9F80000AAAF /* Frameworks */,
				42316A912986C9F80000AAAF /* Resources */,
				1474D076969F554435078387 /* [CP] Embed Pods Frameworks */,
			);
			buildRules = (
			);
			dependencies = (
			);
			name = kinoKZApp;
			productName = kinoKZApp;
			productReference = 42316A932986C9F80000AAAF /* kinoKZApp.app */;
			productType = "com.apple.product-type.application";
		};
/* End PBXNativeTarget section */

/* Begin PBXProject section */
		42316A8B2986C9F80000AAAF /* Project object */ = {
			isa = PBXProject;
			attributes = {
				BuildIndependentTargetsInParallel = 1;
				LastSwiftUpdateCheck = 1330;
				LastUpgradeCheck = 1330;
				TargetAttributes = {
					42316A922986C9F80000AAAF = {
						CreatedOnToolsVersion = 13.3;
					};
				};
			};
			buildConfigurationList = 42316A8E2986C9F80000AAAF /* Build configuration list for PBXProject "kinoKZApp" */;
			compatibilityVersion = "Xcode 13.0";
			developmentRegion = en;
			hasScannedForEncodings = 0;
			knownRegions = (
				en,
				Base,
			);
			mainGroup = 42316A8A2986C9F80000AAAF;
			productRefGroup = 42316A942986C9F80000AAAF /* Products */;
			projectDirPath = "";
			projectRoot = "";
			targets = (
				42316A922986C9F80000AAAF /* kinoKZApp */,
			);
		};
/* End PBXProject section */

/* Begin PBXResourcesBuildPhase section */
		42316A912986C9F80000AAAF /* Resources */ = {
			isa = PBXResourcesBuildPhase;
			buildActionMask = 2147483647;
			files = (
				42316AA32986C9F90000AAAF /* LaunchScreen.storyboard in Resources */,
				42316AA02986C9F90000AAAF /* Assets.xcassets in Resources */,
				42316A9E2986C9F80000AAAF /* Main.storyboard in Resources */,
			);
			runOnlyForDeploymentPostprocessing = 0;
		};
/* End PBXResourcesBuildPhase section */

/* Begin PBXShellScriptBuildPhase section */
		075DD15140FCC5BF4DBCABA7 /* [CP] Check Pods Manifest.lock */ = {
			isa = PBXShellScriptBuildPhase;
			buildActionMask = 2147483647;
			files = (
			);
			inputFileListPaths = (
			);
			inputPaths = (
				"${PODS_PODFILE_DIR_PATH}/Podfile.lock",
				"${PODS_ROOT}/Manifest.lock",
			);
			name = "[CP] Check Pods Manifest.lock";
			outputFileListPaths = (
			);
			outputPaths = (
				"$(DERIVED_FILE_DIR)/Pods-kinoKZApp-checkManifestLockResult.txt",
			);
			runOnlyForDeploymentPostprocessing = 0;
			shellPath = /bin/sh;
			shellScript = "diff \"${PODS_PODFILE_DIR_PATH}/Podfile.lock\" \"${PODS_ROOT}/Manifest.lock\" > /dev/null\nif [ $? != 0 ] ; then\n    # print error to STDERR\n    echo \"error: The sandbox is not in sync with the Podfile.lock. Run 'pod install' or update your CocoaPods installation.\" >&2\n    exit 1\nfi\n# This output is used by Xcode 'outputs' to avoid re-running this script phase.\necho \"SUCCESS\" > \"${SCRIPT_OUTPUT_FILE_0}\"\n";
			showEnvVarsInLog = 0;
		};
		1474D076969F554435078387 /* [CP] Embed Pods Frameworks */ = {
			isa = PBXShellScriptBuildPhase;
			buildActionMask = 2147483647;
			files = (
			);
			inputFileListPaths = (
				"${PODS_ROOT}/Target Support Files/Pods-kinoKZApp/Pods-kinoKZApp-frameworks-${CONFIGURATION}-input-files.xcfilelist",
			);
			name = "[CP] Embed Pods Frameworks";
			outputFileListPaths = (
				"${PODS_ROOT}/Target Support Files/Pods-kinoKZApp/Pods-kinoKZApp-frameworks-${CONFIGURATION}-output-files.xcfilelist",
			);
			runOnlyForDeploymentPostprocessing = 0;
			shellPath = /bin/sh;
			shellScript = "\"${PODS_ROOT}/Target Support Files/Pods-kinoKZApp/Pods-kinoKZApp-frameworks.sh\"\n";
			showEnvVarsInLog = 0;
		};
/* End PBXShellScriptBuildPhase section */

/* Begin PBXSourcesBuildPhase section */
		42316A8F2986C9F80000AAAF /* Sources */ = {
			isa = PBXSourcesBuildPhase;
			buildActionMask = 2147483647;
			files = (
				42316AB72986FAE40000AAAF /* CategoryCollectionViewCell.swift in Sources */,
				42316AB02986CBA10000AAAF /* PlaceViewController.swift in Sources */,
				42316AB22986CBB10000AAAF /* TicketsViewController.swift in Sources */,
				42316A9B2986C9F80000AAAF /* MainViewController.swift in Sources */,
				42316A972986C9F80000AAAF /* AppDelegate.swift in Sources */,
				42316AAE2986CB820000AAAF /* ProfileViewController.swift in Sources */,
				426F57872987148100F83810 /* CategoryTableViewCell.swift in Sources */,
				426F578529870A8800F83810 /* TrendingCollectionViewCell.swift in Sources */,
				426F5794298752A100F83810 /* PlacesCollectionViewCell.swift in Sources */,
				426F5790298737D400F83810 /* PlacesTableViewCell.swift in Sources */,
				42316A992986C9F80000AAAF /* SceneDelegate.swift in Sources */,
				42316AAC2986CB6A0000AAAF /* MovieViewController.swift in Sources */,
				42316AB92986FC490000AAAF /* Constants.swift in Sources */,
				426F578A2987181A00F83810 /* SectionHeaderOfTableView.swift in Sources */,
			);
			runOnlyForDeploymentPostprocessing = 0;
		};
/* End PBXSourcesBuildPhase section */

/* Begin PBXVariantGroup section */
		42316A9C2986C9F80000AAAF /* Main.storyboard */ = {
			isa = PBXVariantGroup;
			children = (
				42316A9D2986C9F80000AAAF /* Base */,
			);
			name = Main.storyboard;
			sourceTree = "<group>";
		};
		42316AA12986C9F90000AAAF /* LaunchScreen.storyboard */ = {
			isa = PBXVariantGroup;
			children = (
				42316AA22986C9F90000AAAF /* Base */,
			);
			name = LaunchScreen.storyboard;
			sourceTree = "<group>";
		};
/* End PBXVariantGroup section */

/* Begin XCBuildConfiguration section */
		42316AA52986C9F90000AAAF /* Debug */ = {
			isa = XCBuildConfiguration;
			buildSettings = {
				ALWAYS_SEARCH_USER_PATHS = NO;
				CLANG_ANALYZER_NONNULL = YES;
				CLANG_ANALYZER_NUMBER_OBJECT_CONVERSION = YES_AGGRESSIVE;
				CLANG_CXX_LANGUAGE_STANDARD = "gnu++17";
				CLANG_ENABLE_MODULES = YES;
				CLANG_ENABLE_OBJC_ARC = YES;
				CLANG_ENABLE_OBJC_WEAK = YES;
				CLANG_WARN_BLOCK_CAPTURE_AUTORELEASING = YES;
				CLANG_WARN_BOOL_CONVERSION = YES;
				CLANG_WARN_COMMA = YES;
				CLANG_WARN_CONSTANT_CONVERSION = YES;
				CLANG_WARN_DEPRECATED_OBJC_IMPLEMENTATIONS = YES;
				CLANG_WARN_DIRECT_OBJC_ISA_USAGE = YES_ERROR;
				CLANG_WARN_DOCUMENTATION_COMMENTS = YES;
				CLANG_WARN_EMPTY_BODY = YES;
				CLANG_WARN_ENUM_CONVERSION = YES;
				CLANG_WARN_INFINITE_RECURSION = YES;
				CLANG_WARN_INT_CONVERSION = YES;
				CLANG_WARN_NON_LITERAL_NULL_CONVERSION = YES;
				CLANG_WARN_OBJC_IMPLICIT_RETAIN_SELF = YES;
				CLANG_WARN_OBJC_LITERAL_CONVERSION = YES;
				CLANG_WARN_OBJC_ROOT_CLASS = YES_ERROR;
				CLANG_WARN_QUOTED_INCLUDE_IN_FRAMEWORK_HEADER = YES;
				CLANG_WARN_RANGE_LOOP_ANALYSIS = YES;
				CLANG_WARN_STRICT_PROTOTYPES = YES;
				CLANG_WARN_SUSPICIOUS_MOVE = YES;
				CLANG_WARN_UNGUARDED_AVAILABILITY = YES_AGGRESSIVE;
				CLANG_WARN_UNREACHABLE_CODE = YES;
				CLANG_WARN__DUPLICATE_METHOD_MATCH = YES;
				COPY_PHASE_STRIP = NO;
				DEBUG_INFORMATION_FORMAT = dwarf;
				ENABLE_STRICT_OBJC_MSGSEND = YES;
				ENABLE_TESTABILITY = YES;
				GCC_C_LANGUAGE_STANDARD = gnu11;
				GCC_DYNAMIC_NO_PIC = NO;
				GCC_NO_COMMON_BLOCKS = YES;
				GCC_OPTIMIZATION_LEVEL = 0;
				GCC_PREPROCESSOR_DEFINITIONS = (
					"DEBUG=1",
					"$(inherited)",
				);
				GCC_WARN_64_TO_32_BIT_CONVERSION = YES;
				GCC_WARN_ABOUT_RETURN_TYPE = YES_ERROR;
				GCC_WARN_UNDECLARED_SELECTOR = YES;
				GCC_WARN_UNINITIALIZED_AUTOS = YES_AGGRESSIVE;
				GCC_WARN_UNUSED_FUNCTION = YES;
				GCC_WARN_UNUSED_VARIABLE = YES;
				IPHONEOS_DEPLOYMENT_TARGET = 15.4;
				MTL_ENABLE_DEBUG_INFO = INCLUDE_SOURCE;
				MTL_FAST_MATH = YES;
				ONLY_ACTIVE_ARCH = YES;
				SDKROOT = iphoneos;
				SWIFT_ACTIVE_COMPILATION_CONDITIONS = DEBUG;
				SWIFT_OPTIMIZATION_LEVEL = "-Onone";
			};
			name = Debug;
		};
		42316AA62986C9F90000AAAF /* Release */ = {
			isa = XCBuildConfiguration;
			buildSettings = {
				ALWAYS_SEARCH_USER_PATHS = NO;
				CLANG_ANALYZER_NONNULL = YES;
				CLANG_ANALYZER_NUMBER_OBJECT_CONVERSION = YES_AGGRESSIVE;
				CLANG_CXX_LANGUAGE_STANDARD = "gnu++17";
				CLANG_ENABLE_MODULES = YES;
				CLANG_ENABLE_OBJC_ARC = YES;
				CLANG_ENABLE_OBJC_WEAK = YES;
				CLANG_WARN_BLOCK_CAPTURE_AUTORELEASING = YES;
				CLANG_WARN_BOOL_CONVERSION = YES;
				CLANG_WARN_COMMA = YES;
				CLANG_WARN_CONSTANT_CONVERSION = YES;
				CLANG_WARN_DEPRECATED_OBJC_IMPLEMENTATIONS = YES;
				CLANG_WARN_DIRECT_OBJC_ISA_USAGE = YES_ERROR;
				CLANG_WARN_DOCUMENTATION_COMMENTS = YES;
				CLANG_WARN_EMPTY_BODY = YES;
				CLANG_WARN_ENUM_CONVERSION = YES;
				CLANG_WARN_INFINITE_RECURSION = YES;
				CLANG_WARN_INT_CONVERSION = YES;
				CLANG_WARN_NON_LITERAL_NULL_CONVERSION = YES;
				CLANG_WARN_OBJC_IMPLICIT_RETAIN_SELF = YES;
				CLANG_WARN_OBJC_LITERAL_CONVERSION = YES;
				CLANG_WARN_OBJC_ROOT_CLASS = YES_ERROR;
				CLANG_WARN_QUOTED_INCLUDE_IN_FRAMEWORK_HEADER = YES;
				CLANG_WARN_RANGE_LOOP_ANALYSIS = YES;
				CLANG_WARN_STRICT_PROTOTYPES = YES;
				CLANG_WARN_SUSPICIOUS_MOVE = YES;
				CLANG_WARN_UNGUARDED_AVAILABILITY = YES_AGGRESSIVE;
				CLANG_WARN_UNREACHABLE_CODE = YES;
				CLANG_WARN__DUPLICATE_METHOD_MATCH = YES;
				COPY_PHASE_STRIP = NO;
				DEBUG_INFORMATION_FORMAT = "dwarf-with-dsym";
				ENABLE_NS_ASSERTIONS = NO;
				ENABLE_STRICT_OBJC_MSGSEND = YES;
				GCC_C_LANGUAGE_STANDARD = gnu11;
				GCC_NO_COMMON_BLOCKS = YES;
				GCC_WARN_64_TO_32_BIT_CONVERSION = YES;
				GCC_WARN_ABOUT_RETURN_TYPE = YES_ERROR;
				GCC_WARN_UNDECLARED_SELECTOR = YES;
				GCC_WARN_UNINITIALIZED_AUTOS = YES_AGGRESSIVE;
				GCC_WARN_UNUSED_FUNCTION = YES;
				GCC_WARN_UNUSED_VARIABLE = YES;
				IPHONEOS_DEPLOYMENT_TARGET = 15.4;
				MTL_ENABLE_DEBUG_INFO = NO;
				MTL_FAST_MATH = YES;
				SDKROOT = iphoneos;
				SWIFT_COMPILATION_MODE = wholemodule;
				SWIFT_OPTIMIZATION_LEVEL = "-O";
				VALIDATE_PRODUCT = YES;
			};
			name = Release;
		};
		42316AA82986C9F90000AAAF /* Debug */ = {
			isa = XCBuildConfiguration;
			baseConfigurationReference = 83872E0EC1F8E9908F69EDC8 /* Pods-kinoKZApp.debug.xcconfig */;
			buildSettings = {
				ASSETCATALOG_COMPILER_APPICON_NAME = AppIcon;
				ASSETCATALOG_COMPILER_GLOBAL_ACCENT_COLOR_NAME = AccentColor;
				CODE_SIGN_STYLE = Automatic;
				CURRENT_PROJECT_VERSION = 1;
				DEVELOPMENT_TEAM = 46XBDTMW2R;
				GENERATE_INFOPLIST_FILE = YES;
				INFOPLIST_FILE = kinoKZApp/Info.plist;
				INFOPLIST_KEY_UIApplicationSupportsIndirectInputEvents = YES;
				INFOPLIST_KEY_UILaunchStoryboardName = LaunchScreen;
				INFOPLIST_KEY_UIMainStoryboardFile = Main;
				INFOPLIST_KEY_UISupportedInterfaceOrientations_iPad = "UIInterfaceOrientationPortrait UIInterfaceOrientationPortraitUpsideDown UIInterfaceOrientationLandscapeLeft UIInterfaceOrientationLandscapeRight";
				INFOPLIST_KEY_UISupportedInterfaceOrientations_iPhone = "UIInterfaceOrientationPortrait UIInterfaceOrientationLandscapeLeft UIInterfaceOrientationLandscapeRight";
				LD_RUNPATH_SEARCH_PATHS = (
					"$(inherited)",
					"@executable_path/Frameworks",
				);
				MARKETING_VERSION = 1.0;
				PRODUCT_BUNDLE_IDENTIFIER = kz.Syrok.kinoKZApp;
				PRODUCT_NAME = "$(TARGET_NAME)";
				SWIFT_EMIT_LOC_STRINGS = YES;
				SWIFT_VERSION = 5.0;
				TARGETED_DEVICE_FAMILY = 1;
			};
			name = Debug;
		};
		42316AA92986C9F90000AAAF /* Release */ = {
			isa = XCBuildConfiguration;
			baseConfigurationReference = 3DFD028E14463BC3CEF7F691 /* Pods-kinoKZApp.release.xcconfig */;
			buildSettings = {
				ASSETCATALOG_COMPILER_APPICON_NAME = AppIcon;
				ASSETCATALOG_COMPILER_GLOBAL_ACCENT_COLOR_NAME = AccentColor;
				CODE_SIGN_STYLE = Automatic;
				CURRENT_PROJECT_VERSION = 1;
				DEVELOPMENT_TEAM = 46XBDTMW2R;
				GENERATE_INFOPLIST_FILE = YES;
				INFOPLIST_FILE = kinoKZApp/Info.plist;
				INFOPLIST_KEY_UIApplicationSupportsIndirectInputEvents = YES;
				INFOPLIST_KEY_UILaunchStoryboardName = LaunchScreen;
				INFOPLIST_KEY_UIMainStoryboardFile = Main;
				INFOPLIST_KEY_UISupportedInterfaceOrientations_iPad = "UIInterfaceOrientationPortrait UIInterfaceOrientationPortraitUpsideDown UIInterfaceOrientationLandscapeLeft UIInterfaceOrientationLandscapeRight";
				INFOPLIST_KEY_UISupportedInterfaceOrientations_iPhone = "UIInterfaceOrientationPortrait UIInterfaceOrientationLandscapeLeft UIInterfaceOrientationLandscapeRight";
				LD_RUNPATH_SEARCH_PATHS = (
					"$(inherited)",
					"@executable_path/Frameworks",
				);
				MARKETING_VERSION = 1.0;
				PRODUCT_BUNDLE_IDENTIFIER = kz.Syrok.kinoKZApp;
				PRODUCT_NAME = "$(TARGET_NAME)";
				SWIFT_EMIT_LOC_STRINGS = YES;
				SWIFT_VERSION = 5.0;
				TARGETED_DEVICE_FAMILY = 1;
			};
			name = Release;
		};
/* End XCBuildConfiguration section */

/* Begin XCConfigurationList section */
		42316A8E2986C9F80000AAAF /* Build configuration list for PBXProject "kinoKZApp" */ = {
			isa = XCConfigurationList;
			buildConfigurations = (
				42316AA52986C9F90000AAAF /* Debug */,
				42316AA62986C9F90000AAAF /* Release */,
			);
			defaultConfigurationIsVisible = 0;
			defaultConfigurationName = Release;
		};
		42316AA72986C9F90000AAAF /* Build configuration list for PBXNativeTarget "kinoKZApp" */ = {
			isa = XCConfigurationList;
			buildConfigurations = (
				42316AA82986C9F90000AAAF /* Debug */,
				42316AA92986C9F90000AAAF /* Release */,
			);
			defaultConfigurationIsVisible = 0;
			defaultConfigurationName = Release;
		};
/* End XCConfigurationList section */
	};
	rootObject = 42316A8B2986C9F80000AAAF /* Project object */;
}
