// !$*UTF8*$!
{
	archiveVersion = 1;
	classes = {
	};
	objectVersion = 55;
	objects = {

/* Begin PBXBuildFile section */
		4243C41D297055EA0025EBED /* AppDelegate.swift in Sources */ = {isa = PBXBuildFile; fileRef = 4243C41C297055EA0025EBED /* AppDelegate.swift */; };
		4243C41F297055EA0025EBED /* SceneDelegate.swift in Sources */ = {isa = PBXBuildFile; fileRef = 4243C41E297055EA0025EBED /* SceneDelegate.swift */; };
		4243C421297055EA0025EBED /* ViewController.swift in Sources */ = {isa = PBXBuildFile; fileRef = 4243C420297055EA0025EBED /* ViewController.swift */; };
		4243C426297055EB0025EBED /* Assets.xcassets in Resources */ = {isa = PBXBuildFile; fileRef = 4243C425297055EB0025EBED /* Assets.xcassets */; };
		4243C429297055EB0025EBED /* LaunchScreen.storyboard in Resources */ = {isa = PBXBuildFile; fileRef = 4243C427297055EB0025EBED /* LaunchScreen.storyboard */; };
		4243C4322972DFE10025EBED /* someTableViewCell.swift in Sources */ = {isa = PBXBuildFile; fileRef = 4243C4312972DFE10025EBED /* someTableViewCell.swift */; };
		C6D0B872B783FD742B9D1BE0 /* Pods_projectWithTableView.framework in Frameworks */ = {isa = PBXBuildFile; fileRef = 8F9C57908CD354CC93075C81 /* Pods_projectWithTableView.framework */; };
/* End PBXBuildFile section */

/* Begin PBXFileReference section */
		0C396C39F0A4F8329674C434 /* Pods-projectWithTableView.debug.xcconfig */ = {isa = PBXFileReference; includeInIndex = 1; lastKnownFileType = text.xcconfig; name = "Pods-projectWithTableView.debug.xcconfig"; path = "Target Support Files/Pods-projectWithTableView/Pods-projectWithTableView.debug.xcconfig"; sourceTree = "<group>"; };
		4243C419297055EA0025EBED /* projectWithTableView.app */ = {isa = PBXFileReference; explicitFileType = wrapper.application; includeInIndex = 0; path = projectWithTableView.app; sourceTree = BUILT_PRODUCTS_DIR; };
		4243C41C297055EA0025EBED /* AppDelegate.swift */ = {isa = PBXFileReference; lastKnownFileType = sourcecode.swift; path = AppDelegate.swift; sourceTree = "<group>"; };
		4243C41E297055EA0025EBED /* SceneDelegate.swift */ = {isa = PBXFileReference; lastKnownFileType = sourcecode.swift; path = SceneDelegate.swift; sourceTree = "<group>"; };
		4243C420297055EA0025EBED /* ViewController.swift */ = {isa = PBXFileReference; lastKnownFileType = sourcecode.swift; path = ViewController.swift; sourceTree = "<group>"; };
		4243C425297055EB0025EBED /* Assets.xcassets */ = {isa = PBXFileReference; lastKnownFileType = folder.assetcatalog; path = Assets.xcassets; sourceTree = "<group>"; };
		4243C428297055EB0025EBED /* Base */ = {isa = PBXFileReference; lastKnownFileType = file.storyboard; name = Base; path = Base.lproj/LaunchScreen.storyboard; sourceTree = "<group>"; };
		4243C42A297055EB0025EBED /* Info.plist */ = {isa = PBXFileReference; lastKnownFileType = text.plist.xml; path = Info.plist; sourceTree = "<group>"; };
		4243C4312972DFE10025EBED /* someTableViewCell.swift */ = {isa = PBXFileReference; lastKnownFileType = sourcecode.swift; path = someTableViewCell.swift; sourceTree = "<group>"; };
		46DD9E64F444A973F3431455 /* Pods-projectWithTableView.release.xcconfig */ = {isa = PBXFileReference; includeInIndex = 1; lastKnownFileType = text.xcconfig; name = "Pods-projectWithTableView.release.xcconfig"; path = "Target Support Files/Pods-projectWithTableView/Pods-projectWithTableView.release.xcconfig"; sourceTree = "<group>"; };
		8F9C57908CD354CC93075C81 /* Pods_projectWithTableView.framework */ = {isa = PBXFileReference; explicitFileType = wrapper.framework; includeInIndex = 0; path = Pods_projectWithTableView.framework; sourceTree = BUILT_PRODUCTS_DIR; };
/* End PBXFileReference section */

/* Begin PBXFrameworksBuildPhase section */
		4243C416297055EA0025EBED /* Frameworks */ = {
			isa = PBXFrameworksBuildPhase;
			buildActionMask = 2147483647;
			files = (
				C6D0B872B783FD742B9D1BE0 /* Pods_projectWithTableView.framework in Frameworks */,
			);
			runOnlyForDeploymentPostprocessing = 0;
		};
/* End PBXFrameworksBuildPhase section */

/* Begin PBXGroup section */
		1C52933FEF7BA45C1970294A /* Pods */ = {
			isa = PBXGroup;
			children = (
				0C396C39F0A4F8329674C434 /* Pods-projectWithTableView.debug.xcconfig */,
				46DD9E64F444A973F3431455 /* Pods-projectWithTableView.release.xcconfig */,
			);
			path = Pods;
			sourceTree = "<group>";
		};
		4243C410297055EA0025EBED = {
			isa = PBXGroup;
			children = (
				4243C41B297055EA0025EBED /* projectWithTableView */,
				4243C41A297055EA0025EBED /* Products */,
				1C52933FEF7BA45C1970294A /* Pods */,
				AFAEBBE3CF5186818259F6A2 /* Frameworks */,
			);
			sourceTree = "<group>";
		};
		4243C41A297055EA0025EBED /* Products */ = {
			isa = PBXGroup;
			children = (
				4243C419297055EA0025EBED /* projectWithTableView.app */,
			);
			name = Products;
			sourceTree = "<group>";
		};
		4243C41B297055EA0025EBED /* projectWithTableView */ = {
			isa = PBXGroup;
			children = (
				4243C4302972DF8A0025EBED /* views */,
				4243C41C297055EA0025EBED /* AppDelegate.swift */,
				4243C41E297055EA0025EBED /* SceneDelegate.swift */,
				4243C420297055EA0025EBED /* ViewController.swift */,
				4243C425297055EB0025EBED /* Assets.xcassets */,
				4243C427297055EB0025EBED /* LaunchScreen.storyboard */,
				4243C42A297055EB0025EBED /* Info.plist */,
			);
			path = projectWithTableView;
			sourceTree = "<group>";
		};
		4243C4302972DF8A0025EBED /* views */ = {
			isa = PBXGroup;
			children = (
				4243C4312972DFE10025EBED /* someTableViewCell.swift */,
			);
			path = views;
			sourceTree = "<group>";
		};
		AFAEBBE3CF5186818259F6A2 /* Frameworks */ = {
			isa = PBXGroup;
			children = (
				8F9C57908CD354CC93075C81 /* Pods_projectWithTableView.framework */,
			);
			name = Frameworks;
			sourceTree = "<group>";
		};
/* End PBXGroup section */

/* Begin PBXNativeTarget section */
		4243C418297055EA0025EBED /* projectWithTableView */ = {
			isa = PBXNativeTarget;
			buildConfigurationList = 4243C42D297055EB0025EBED /* Build configuration list for PBXNativeTarget "projectWithTableView" */;
			buildPhases = (
				006C41C623B0377E06FDF0C1 /* [CP] Check Pods Manifest.lock */,
				4243C415297055EA0025EBED /* Sources */,
				4243C416297055EA0025EBED /* Frameworks */,
				4243C417297055EA0025EBED /* Resources */,
				792AD856A03B64B249455ECE /* [CP] Embed Pods Frameworks */,
			);
			buildRules = (
			);
			dependencies = (
			);
			name = projectWithTableView;
			productName = projectWithTableView;
			productReference = 4243C419297055EA0025EBED /* projectWithTableView.app */;
			productType = "com.apple.product-type.application";
		};
/* End PBXNativeTarget section */

/* Begin PBXProject section */
		4243C411297055EA0025EBED /* Project object */ = {
			isa = PBXProject;
			attributes = {
				BuildIndependentTargetsInParallel = 1;
				LastSwiftUpdateCheck = 1330;
				LastUpgradeCheck = 1330;
				TargetAttributes = {
					4243C418297055EA0025EBED = {
						CreatedOnToolsVersion = 13.3;
					};
				};
			};
			buildConfigurationList = 4243C414297055EA0025EBED /* Build configuration list for PBXProject "projectWithTableView" */;
			compatibilityVersion = "Xcode 13.0";
			developmentRegion = en;
			hasScannedForEncodings = 0;
			knownRegions = (
				en,
				Base,
			);
			mainGroup = 4243C410297055EA0025EBED;
			productRefGroup = 4243C41A297055EA0025EBED /* Products */;
			projectDirPath = "";
			projectRoot = "";
			targets = (
				4243C418297055EA0025EBED /* projectWithTableView */,
			);
		};
/* End PBXProject section */

/* Begin PBXResourcesBuildPhase section */
		4243C417297055EA0025EBED /* Resources */ = {
			isa = PBXResourcesBuildPhase;
			buildActionMask = 2147483647;
			files = (
				4243C429297055EB0025EBED /* LaunchScreen.storyboard in Resources */,
				4243C426297055EB0025EBED /* Assets.xcassets in Resources */,
			);
			runOnlyForDeploymentPostprocessing = 0;
		};
/* End PBXResourcesBuildPhase section */

/* Begin PBXShellScriptBuildPhase section */
		006C41C623B0377E06FDF0C1 /* [CP] Check Pods Manifest.lock */ = {
			isa = PBXShellScriptBuildPhase;
			buildActionMask = 2147483647;
			files = (
			);
			inputFileListPaths = (
			);
			inputPaths = (
				"${PODS_PODFILE_DIR_PATH}/Podfile.lock",
				"${PODS_ROOT}/Manifest.lock",
			);
			name = "[CP] Check Pods Manifest.lock";
			outputFileListPaths = (
			);
			outputPaths = (
				"$(DERIVED_FILE_DIR)/Pods-projectWithTableView-checkManifestLockResult.txt",
			);
			runOnlyForDeploymentPostprocessing = 0;
			shellPath = /bin/sh;
			shellScript = "diff \"${PODS_PODFILE_DIR_PATH}/Podfile.lock\" \"${PODS_ROOT}/Manifest.lock\" > /dev/null\nif [ $? != 0 ] ; then\n    # print error to STDERR\n    echo \"error: The sandbox is not in sync with the Podfile.lock. Run 'pod install' or update your CocoaPods installation.\" >&2\n    exit 1\nfi\n# This output is used by Xcode 'outputs' to avoid re-running this script phase.\necho \"SUCCESS\" > \"${SCRIPT_OUTPUT_FILE_0}\"\n";
			showEnvVarsInLog = 0;
		};
		792AD856A03B64B249455ECE /* [CP] Embed Pods Frameworks */ = {
			isa = PBXShellScriptBuildPhase;
			buildActionMask = 2147483647;
			files = (
			);
			inputFileListPaths = (
				"${PODS_ROOT}/Target Support Files/Pods-projectWithTableView/Pods-projectWithTableView-frameworks-${CONFIGURATION}-input-files.xcfilelist",
			);
			name = "[CP] Embed Pods Frameworks";
			outputFileListPaths = (
				"${PODS_ROOT}/Target Support Files/Pods-projectWithTableView/Pods-projectWithTableView-frameworks-${CONFIGURATION}-output-files.xcfilelist",
			);
			runOnlyForDeploymentPostprocessing = 0;
			shellPath = /bin/sh;
			shellScript = "\"${PODS_ROOT}/Target Support Files/Pods-projectWithTableView/Pods-projectWithTableView-frameworks.sh\"\n";
			showEnvVarsInLog = 0;
		};
/* End PBXShellScriptBuildPhase section */

/* Begin PBXSourcesBuildPhase section */
		4243C415297055EA0025EBED /* Sources */ = {
			isa = PBXSourcesBuildPhase;
			buildActionMask = 2147483647;
			files = (
				4243C421297055EA0025EBED /* ViewController.swift in Sources */,
				4243C4322972DFE10025EBED /* someTableViewCell.swift in Sources */,
				4243C41D297055EA0025EBED /* AppDelegate.swift in Sources */,
				4243C41F297055EA0025EBED /* SceneDelegate.swift in Sources */,
			);
			runOnlyForDeploymentPostprocessing = 0;
		};
/* End PBXSourcesBuildPhase section */

/* Begin PBXVariantGroup section */
		4243C427297055EB0025EBED /* LaunchScreen.storyboard */ = {
			isa = PBXVariantGroup;
			children = (
				4243C428297055EB0025EBED /* Base */,
			);
			name = LaunchScreen.storyboard;
			sourceTree = "<group>";
		};
/* End PBXVariantGroup section */

/* Begin XCBuildConfiguration section */
		4243C42B297055EB0025EBED /* Debug */ = {
			isa = XCBuildConfiguration;
			buildSettings = {
				ALWAYS_SEARCH_USER_PATHS = NO;
				CLANG_ANALYZER_NONNULL = YES;
				CLANG_ANALYZER_NUMBER_OBJECT_CONVERSION = YES_AGGRESSIVE;
				CLANG_CXX_LANGUAGE_STANDARD = "gnu++17";
				CLANG_ENABLE_MODULES = YES;
				CLANG_ENABLE_OBJC_ARC = YES;
				CLANG_ENABLE_OBJC_WEAK = YES;
				CLANG_WARN_BLOCK_CAPTURE_AUTORELEASING = YES;
				CLANG_WARN_BOOL_CONVERSION = YES;
				CLANG_WARN_COMMA = YES;
				CLANG_WARN_CONSTANT_CONVERSION = YES;
				CLANG_WARN_DEPRECATED_OBJC_IMPLEMENTATIONS = YES;
				CLANG_WARN_DIRECT_OBJC_ISA_USAGE = YES_ERROR;
				CLANG_WARN_DOCUMENTATION_COMMENTS = YES;
				CLANG_WARN_EMPTY_BODY = YES;
				CLANG_WARN_ENUM_CONVERSION = YES;
				CLANG_WARN_INFINITE_RECURSION = YES;
				CLANG_WARN_INT_CONVERSION = YES;
				CLANG_WARN_NON_LITERAL_NULL_CONVERSION = YES;
				CLANG_WARN_OBJC_IMPLICIT_RETAIN_SELF = YES;
				CLANG_WARN_OBJC_LITERAL_CONVERSION = YES;
				CLANG_WARN_OBJC_ROOT_CLASS = YES_ERROR;
				CLANG_WARN_QUOTED_INCLUDE_IN_FRAMEWORK_HEADER = YES;
				CLANG_WARN_RANGE_LOOP_ANALYSIS = YES;
				CLANG_WARN_STRICT_PROTOTYPES = YES;
				CLANG_WARN_SUSPICIOUS_MOVE = YES;
				CLANG_WARN_UNGUARDED_AVAILABILITY = YES_AGGRESSIVE;
				CLANG_WARN_UNREACHABLE_CODE = YES;
				CLANG_WARN__DUPLICATE_METHOD_MATCH = YES;
				COPY_PHASE_STRIP = NO;
				DEBUG_INFORMATION_FORMAT = dwarf;
				ENABLE_STRICT_OBJC_MSGSEND = YES;
				ENABLE_TESTABILITY = YES;
				GCC_C_LANGUAGE_STANDARD = gnu11;
				GCC_DYNAMIC_NO_PIC = NO;
				GCC_NO_COMMON_BLOCKS = YES;
				GCC_OPTIMIZATION_LEVEL = 0;
				GCC_PREPROCESSOR_DEFINITIONS = (
					"DEBUG=1",
					"$(inherited)",
				);
				GCC_WARN_64_TO_32_BIT_CONVERSION = YES;
				GCC_WARN_ABOUT_RETURN_TYPE = YES_ERROR;
				GCC_WARN_UNDECLARED_SELECTOR = YES;
				GCC_WARN_UNINITIALIZED_AUTOS = YES_AGGRESSIVE;
				GCC_WARN_UNUSED_FUNCTION = YES;
				GCC_WARN_UNUSED_VARIABLE = YES;
				IPHONEOS_DEPLOYMENT_TARGET = 15.4;
				MTL_ENABLE_DEBUG_INFO = INCLUDE_SOURCE;
				MTL_FAST_MATH = YES;
				ONLY_ACTIVE_ARCH = YES;
				SDKROOT = iphoneos;
				SWIFT_ACTIVE_COMPILATION_CONDITIONS = DEBUG;
				SWIFT_OPTIMIZATION_LEVEL = "-Onone";
			};
			name = Debug;
		};
		4243C42C297055EB0025EBED /* Release */ = {
			isa = XCBuildConfiguration;
			buildSettings = {
				ALWAYS_SEARCH_USER_PATHS = NO;
				CLANG_ANALYZER_NONNULL = YES;
				CLANG_ANALYZER_NUMBER_OBJECT_CONVERSION = YES_AGGRESSIVE;
				CLANG_CXX_LANGUAGE_STANDARD = "gnu++17";
				CLANG_ENABLE_MODULES = YES;
				CLANG_ENABLE_OBJC_ARC = YES;
				CLANG_ENABLE_OBJC_WEAK = YES;
				CLANG_WARN_BLOCK_CAPTURE_AUTORELEASING = YES;
				CLANG_WARN_BOOL_CONVERSION = YES;
				CLANG_WARN_COMMA = YES;
				CLANG_WARN_CONSTANT_CONVERSION = YES;
				CLANG_WARN_DEPRECATED_OBJC_IMPLEMENTATIONS = YES;
				CLANG_WARN_DIRECT_OBJC_ISA_USAGE = YES_ERROR;
				CLANG_WARN_DOCUMENTATION_COMMENTS = YES;
				CLANG_WARN_EMPTY_BODY = YES;
				CLANG_WARN_ENUM_CONVERSION = YES;
				CLANG_WARN_INFINITE_RECURSION = YES;
				CLANG_WARN_INT_CONVERSION = YES;
				CLANG_WARN_NON_LITERAL_NULL_CONVERSION = YES;
				CLANG_WARN_OBJC_IMPLICIT_RETAIN_SELF = YES;
				CLANG_WARN_OBJC_LITERAL_CONVERSION = YES;
				CLANG_WARN_OBJC_ROOT_CLASS = YES_ERROR;
				CLANG_WARN_QUOTED_INCLUDE_IN_FRAMEWORK_HEADER = YES;
				CLANG_WARN_RANGE_LOOP_ANALYSIS = YES;
				CLANG_WARN_STRICT_PROTOTYPES = YES;
				CLANG_WARN_SUSPICIOUS_MOVE = YES;
				CLANG_WARN_UNGUARDED_AVAILABILITY = YES_AGGRESSIVE;
				CLANG_WARN_UNREACHABLE_CODE = YES;
				CLANG_WARN__DUPLICATE_METHOD_MATCH = YES;
				COPY_PHASE_STRIP = NO;
				DEBUG_INFORMATION_FORMAT = "dwarf-with-dsym";
				ENABLE_NS_ASSERTIONS = NO;
				ENABLE_STRICT_OBJC_MSGSEND = YES;
				GCC_C_LANGUAGE_STANDARD = gnu11;
				GCC_NO_COMMON_BLOCKS = YES;
				GCC_WARN_64_TO_32_BIT_CONVERSION = YES;
				GCC_WARN_ABOUT_RETURN_TYPE = YES_ERROR;
				GCC_WARN_UNDECLARED_SELECTOR = YES;
				GCC_WARN_UNINITIALIZED_AUTOS = YES_AGGRESSIVE;
				GCC_WARN_UNUSED_FUNCTION = YES;
				GCC_WARN_UNUSED_VARIABLE = YES;
				IPHONEOS_DEPLOYMENT_TARGET = 15.4;
				MTL_ENABLE_DEBUG_INFO = NO;
				MTL_FAST_MATH = YES;
				SDKROOT = iphoneos;
				SWIFT_COMPILATION_MODE = wholemodule;
				SWIFT_OPTIMIZATION_LEVEL = "-O";
				VALIDATE_PRODUCT = YES;
			};
			name = Release;
		};
		4243C42E297055EB0025EBED /* Debug */ = {
			isa = XCBuildConfiguration;
			baseConfigurationReference = 0C396C39F0A4F8329674C434 /* Pods-projectWithTableView.debug.xcconfig */;
			buildSettings = {
				ASSETCATALOG_COMPILER_APPICON_NAME = AppIcon;
				ASSETCATALOG_COMPILER_GLOBAL_ACCENT_COLOR_NAME = AccentColor;
				CODE_SIGN_STYLE = Automatic;
				CURRENT_PROJECT_VERSION = 1;
				DEVELOPMENT_TEAM = 46XBDTMW2R;
				GENERATE_INFOPLIST_FILE = YES;
				INFOPLIST_FILE = projectWithTableView/Info.plist;
				INFOPLIST_KEY_UIApplicationSupportsIndirectInputEvents = YES;
				INFOPLIST_KEY_UILaunchStoryboardName = LaunchScreen;
				INFOPLIST_KEY_UISupportedInterfaceOrientations_iPad = "UIInterfaceOrientationPortrait UIInterfaceOrientationPortraitUpsideDown UIInterfaceOrientationLandscapeLeft UIInterfaceOrientationLandscapeRight";
				INFOPLIST_KEY_UISupportedInterfaceOrientations_iPhone = "UIInterfaceOrientationPortrait UIInterfaceOrientationLandscapeLeft UIInterfaceOrientationLandscapeRight";
				LD_RUNPATH_SEARCH_PATHS = (
					"$(inherited)",
					"@executable_path/Frameworks",
				);
				MARKETING_VERSION = 1.0;
				PRODUCT_BUNDLE_IDENTIFIER = kz.Syrok.projectWithTableView;
				PRODUCT_NAME = "$(TARGET_NAME)";
				SWIFT_EMIT_LOC_STRINGS = YES;
				SWIFT_VERSION = 5.0;
				TARGETED_DEVICE_FAMILY = 1;
			};
			name = Debug;
		};
		4243C42F297055EB0025EBED /* Release */ = {
			isa = XCBuildConfiguration;
			baseConfigurationReference = 46DD9E64F444A973F3431455 /* Pods-projectWithTableView.release.xcconfig */;
			buildSettings = {
				ASSETCATALOG_COMPILER_APPICON_NAME = AppIcon;
				ASSETCATALOG_COMPILER_GLOBAL_ACCENT_COLOR_NAME = AccentColor;
				CODE_SIGN_STYLE = Automatic;
				CURRENT_PROJECT_VERSION = 1;
				DEVELOPMENT_TEAM = 46XBDTMW2R;
				GENERATE_INFOPLIST_FILE = YES;
				INFOPLIST_FILE = projectWithTableView/Info.plist;
				INFOPLIST_KEY_UIApplicationSupportsIndirectInputEvents = YES;
				INFOPLIST_KEY_UILaunchStoryboardName = LaunchScreen;
				INFOPLIST_KEY_UISupportedInterfaceOrientations_iPad = "UIInterfaceOrientationPortrait UIInterfaceOrientationPortraitUpsideDown UIInterfaceOrientationLandscapeLeft UIInterfaceOrientationLandscapeRight";
				INFOPLIST_KEY_UISupportedInterfaceOrientations_iPhone = "UIInterfaceOrientationPortrait UIInterfaceOrientationLandscapeLeft UIInterfaceOrientationLandscapeRight";
				LD_RUNPATH_SEARCH_PATHS = (
					"$(inherited)",
					"@executable_path/Frameworks",
				);
				MARKETING_VERSION = 1.0;
				PRODUCT_BUNDLE_IDENTIFIER = kz.Syrok.projectWithTableView;
				PRODUCT_NAME = "$(TARGET_NAME)";
				SWIFT_EMIT_LOC_STRINGS = YES;
				SWIFT_VERSION = 5.0;
				TARGETED_DEVICE_FAMILY = 1;
			};
			name = Release;
		};
/* End XCBuildConfiguration section */

/* Begin XCConfigurationList section */
		4243C414297055EA0025EBED /* Build configuration list for PBXProject "projectWithTableView" */ = {
			isa = XCConfigurationList;
			buildConfigurations = (
				4243C42B297055EB0025EBED /* Debug */,
				4243C42C297055EB0025EBED /* Release */,
			);
			defaultConfigurationIsVisible = 0;
			defaultConfigurationName = Release;
		};
		4243C42D297055EB0025EBED /* Build configuration list for PBXNativeTarget "projectWithTableView" */ = {
			isa = XCConfigurationList;
			buildConfigurations = (
				4243C42E297055EB0025EBED /* Debug */,
				4243C42F297055EB0025EBED /* Release */,
			);
			defaultConfigurationIsVisible = 0;
			defaultConfigurationName = Release;
		};
/* End XCConfigurationList section */
	};
	rootObject = 4243C411297055EA0025EBED /* Project object */;
}
